{
  "name": "jumpiteasy-root",
  "version": "0.0.1",
  "lockfileVersion": 3,
  "requires": true,
  "packages": {
    "": {
      "name": "jumpiteasy-root",
      "version": "0.0.1",
      "dependencies": {
        "jumpiteasy-root": "file:",
        "react-icons": "^5.5.0"
      },
      "devDependencies": {
        "@types/node": "^22.15.14"
      }
    },
    "node_modules/@types/node": {
      "version": "22.15.14",
      "resolved": "https://registry.npmjs.org/@types/node/-/node-22.15.14.tgz",
      "integrity": "sha512-BL1eyu/XWsFGTtDWOYULQEs4KR0qdtYfCxYAUYRoB7JP7h9ETYLgQTww6kH8Sj2C0pFGgrpM0XKv6/kbIzYJ1g==",
      "dev": true,
      "license": "MIT",
      "dependencies": {
        "undici-types": "~6.21.0"
      }
    },
    "node_modules/jumpiteasy-root": {
      "resolved": "",
      "link": true
    },
    "node_modules/react": {
      "version": "19.1.0",
      "resolved": "https://registry.npmjs.org/react/-/react-19.1.0.tgz",
      "integrity": "sha512-FS+XFBNvn3GTAWq26joslQgWNoFu08F4kl0J4CgdNKADkdSGXQyTCnKteIAJy96Br6YbpEU1LSzV5dYtjMkMDg==",
      "peer": true,
      "engines": {
        "node": ">=0.10.0"
      }
    },
    "node_modules/react-icons": {
      "version": "5.5.0",
      "resolved": "https://registry.npmjs.org/react-icons/-/react-icons-5.5.0.tgz",
      "integrity": "sha512-MEFcXdkP3dLo8uumGI5xN3lDFNsRtrjbOEKDLD7yv76v4wpnEq2Lt2qeHaQOr34I/wPN3s3+N08WkQ+CW37Xiw==",
      "peerDependencies": {
        "react": "*"
      }
    },
    "node_modules/undici-types": {
      "version": "6.21.0",
      "resolved": "https://registry.npmjs.org/undici-types/-/undici-types-6.21.0.tgz",
      "integrity": "sha512-iwDZqg0QAGrg9Rav5H4n0M64c3mkR59cJ6wQp+7C4nI0gsmExaedaYLNO44eT4AtBBwjbTiGPMlt2Md0T9H9JQ==",
      "dev": true,
      "license": "MIT"
    }
  }
}
