{
  "name": "jumpiteasy-root",
  "version": "0.0.1",
  "lockfileVersion": 3,
  "requires": true,
  "packages": {
    "": {
      "name": "jumpiteasy-root",
      "version": "0.0.1",
      "dependencies": {
        "jumpiteasy-root": "file:"
      }
    },
    "node_modules/jumpiteasy-root": {
      "resolved": "",
      "link": true
    }
  }
}
